
Microsoft Visual Studio Solution File, Format Version 12.00
# Visual Studio Version 17
VisualStudioVersion = 17.3.32922.545
MinimumVisualStudioVersion = 10.0.40219.1
Project("{9A19103F-16F7-4668-BE54-9A1E7A4F7556}") = "Book eCommerce Store", "Book eCommerce Store.csproj", "{81A04694-7F16-47FE-92F8-075F808D3A4F}"
EndProject
Global
	GlobalSection(SolutionConfigurationPlatforms) = preSolution
		Debug|Any CPU = Debug|Any CPU
		Release|Any CPU = Release|Any CPU
	EndGlobalSection
	GlobalSection(ProjectConfigurationPlatforms) = postSolution
		{81A04694-7F16-47FE-92F8-075F808D3A4F}.Debug|Any CPU.ActiveCfg = Debug|Any CPU
		{81A04694-7F16-47FE-92F8-075F808D3A4F}.Debug|Any CPU.Build.0 = Debug|Any CPU
		{81A04694-7F16-47FE-92F8-075F808D3A4F}.Release|Any CPU.ActiveCfg = Release|Any CPU
		{81A04694-7F16-47FE-92F8-075F808D3A4F}.Release|Any CPU.Build.0 = Release|Any CPU
	EndGlobalSection
	GlobalSection(SolutionProperties) = preSolution
		HideSolutionNode = FALSE
	EndGlobalSection
	GlobalSection(ExtensibilityGlobals) = postSolution
		SolutionGuid = {0B4B9E11-F3D4-4F9C-B269-F5A1B4CFAB44}
	EndGlobalSection
EndGlobal
